
Microsoft Visual Studio Solution File, Format Version 12.00
# Visual Studio 2012
Project("{8BC9CEB8-8B4A-11D0-8D11-00A0C91BC942}") = "Dennis and Friends", "Dennis and Friends.vcxproj", "{D87822F6-FADB-43CA-AABB-B9C021D0D412}"
EndProject
Global
	GlobalSection(SolutionConfigurationPlatforms) = preSolution
		Debug|Win32 = Debug|Win32
		Release|Win32 = Release|Win32
	EndGlobalSection
	GlobalSection(ProjectConfigurationPlatforms) = postSolution
		{D87822F6-FADB-43CA-AABB-B9C021D0D412}.Debug|Win32.ActiveCfg = Debug|Win32
		{D87822F6-FADB-43CA-AABB-B9C021D0D412}.Debug|Win32.Build.0 = Debug|Win32
		{D87822F6-FADB-43CA-AABB-B9C021D0D412}.Release|Win32.ActiveCfg = Release|Win32
		{D87822F6-FADB-43CA-AABB-B9C021D0D412}.Release|Win32.Build.0 = Release|Win32
	EndGlobalSection
	GlobalSection(SolutionProperties) = preSolution
		HideSolutionNode = FALSE
	EndGlobalSection
EndGlobal
